// !$*UTF8*$!
{
	archiveVersion = 1;
	classes = {
	};
	objectVersion = 46;
	objects = {

/* Begin PBXBuildFile section */
		52FAB8721B07D4AE008D5496 /* main.m in Sources */ = {isa = PBXBuildFile; fileRef = 52FAB8711B07D4AE008D5496 /* main.m */; };
		52FAB8751B07D4AE008D5496 /* AppDelegate.m in Sources */ = {isa = PBXBuildFile; fileRef = 52FAB8741B07D4AE008D5496 /* AppDelegate.m */; };
		52FAB8781B07D4AE008D5496 /* FirstViewController.m in Sources */ = {isa = PBXBuildFile; fileRef = 52FAB8771B07D4AE008D5496 /* FirstViewController.m */; };
		52FAB87B1B07D4AE008D5496 /* SecondViewController.m in Sources */ = {isa = PBXBuildFile; fileRef = 52FAB87A1B07D4AE008D5496 /* SecondViewController.m */; };
		52FAB87E1B07D4AE008D5496 /* Main.storyboard in Resources */ = {isa = PBXBuildFile; fileRef = 52FAB87C1B07D4AE008D5496 /* Main.storyboard */; };
		52FAB8801B07D4AE008D5496 /* Images.xcassets in Resources */ = {isa = PBXBuildFile; fileRef = 52FAB87F1B07D4AE008D5496 /* Images.xcassets */; };
		52FAB8831B07D4AE008D5496 /* LaunchScreen.xib in Resources */ = {isa = PBXBuildFile; fileRef = 52FAB8811B07D4AE008D5496 /* LaunchScreen.xib */; };
		52FAB88F1B07D4AF008D5496 /* Phoenix_HackathonTests.m in Sources */ = {isa = PBXBuildFile; fileRef = 52FAB88E1B07D4AF008D5496 /* Phoenix_HackathonTests.m */; };
/* End PBXBuildFile section */

/* Begin PBXContainerItemProxy section */
		52FAB8891B07D4AE008D5496 /* PBXContainerItemProxy */ = {
			isa = PBXContainerItemProxy;
			containerPortal = 52FAB8641B07D4AE008D5496 /* Project object */;
			proxyType = 1;
			remoteGlobalIDString = 52FAB86B1B07D4AE008D5496;
			remoteInfo = "Phoenix Hackathon";
		};
/* End PBXContainerItemProxy section */

/* Begin PBXFileReference section */
		52FAB86C1B07D4AE008D5496 /* Phoenix Hackathon.app */ = {isa = PBXFileReference; explicitFileType = wrapper.application; includeInIndex = 0; path = "Phoenix Hackathon.app"; sourceTree = BUILT_PRODUCTS_DIR; };
		52FAB8701B07D4AE008D5496 /* Info.plist */ = {isa = PBXFileReference; lastKnownFileType = text.plist.xml; path = Info.plist; sourceTree = "<group>"; };
		52FAB8711B07D4AE008D5496 /* main.m */ = {isa = PBXFileReference; lastKnownFileType = sourcecode.c.objc; path = main.m; sourceTree = "<group>"; };
		52FAB8731B07D4AE008D5496 /* AppDelegate.h */ = {isa = PBXFileReference; lastKnownFileType = sourcecode.c.h; path = AppDelegate.h; sourceTree = "<group>"; };
		52FAB8741B07D4AE008D5496 /* AppDelegate.m */ = {isa = PBXFileReference; lastKnownFileType = sourcecode.c.objc; path = AppDelegate.m; sourceTree = "<group>"; };
		52FAB8761B07D4AE008D5496 /* FirstViewController.h */ = {isa = PBXFileReference; lastKnownFileType = sourcecode.c.h; path = FirstViewController.h; sourceTree = "<group>"; };
		52FAB8771B07D4AE008D5496 /* FirstViewController.m */ = {isa = PBXFileReference; lastKnownFileType = sourcecode.c.objc; path = FirstViewController.m; sourceTree = "<group>"; };
		52FAB8791B07D4AE008D5496 /* SecondViewController.h */ = {isa = PBXFileReference; lastKnownFileType = sourcecode.c.h; path = SecondViewController.h; sourceTree = "<group>"; };
		52FAB87A1B07D4AE008D5496 /* SecondViewController.m */ = {isa = PBXFileReference; lastKnownFileType = sourcecode.c.objc; path = SecondViewController.m; sourceTree = "<group>"; };
		52FAB87D1B07D4AE008D5496 /* Base */ = {isa = PBXFileReference; lastKnownFileType = file.storyboard; name = Base; path = Base.lproj/Main.storyboard; sourceTree = "<group>"; };
		52FAB87F1B07D4AE008D5496 /* Images.xcassets */ = {isa = PBXFileReference; lastKnownFileType = folder.assetcatalog; path = Images.xcassets; sourceTree = "<group>"; };
		52FAB8821B07D4AE008D5496 /* Base */ = {isa = PBXFileReference; lastKnownFileType = file.xib; name = Base; path = Base.lproj/LaunchScreen.xib; sourceTree = "<group>"; };
		52FAB8881B07D4AE008D5496 /* Phoenix HackathonTests.xctest */ = {isa = PBXFileReference; explicitFileType = wrapper.cfbundle; includeInIndex = 0; path = "Phoenix HackathonTests.xctest"; sourceTree = BUILT_PRODUCTS_DIR; };
		52FAB88D1B07D4AE008D5496 /* Info.plist */ = {isa = PBXFileReference; lastKnownFileType = text.plist.xml; path = Info.plist; sourceTree = "<group>"; };
		52FAB88E1B07D4AF008D5496 /* Phoenix_HackathonTests.m */ = {isa = PBXFileReference; lastKnownFileType = sourcecode.c.objc; path = Phoenix_HackathonTests.m; sourceTree = "<group>"; };
/* End PBXFileReference section */

/* Begin PBXFrameworksBuildPhase section */
		52FAB8691B07D4AE008D5496 /* Frameworks */ = {
			isa = PBXFrameworksBuildPhase;
			buildActionMask = 2147483647;
			files = (
			);
			runOnlyForDeploymentPostprocessing = 0;
		};
		52FAB8851B07D4AE008D5496 /* Frameworks */ = {
			isa = PBXFrameworksBuildPhase;
			buildActionMask = 2147483647;
			files = (
			);
			runOnlyForDeploymentPostprocessing = 0;
		};
/* End PBXFrameworksBuildPhase section */

/* Begin PBXGroup section */
		52FAB8631B07D4AE008D5496 = {
			isa = PBXGroup;
			children = (
				52FAB86E1B07D4AE008D5496 /* Phoenix Hackathon */,
				52FAB88B1B07D4AE008D5496 /* Phoenix HackathonTests */,
				52FAB86D1B07D4AE008D5496 /* Products */,
			);
			sourceTree = "<group>";
		};
		52FAB86D1B07D4AE008D5496 /* Products */ = {
			isa = PBXGroup;
			children = (
				52FAB86C1B07D4AE008D5496 /* Phoenix Hackathon.app */,
				52FAB8881B07D4AE008D5496 /* Phoenix HackathonTests.xctest */,
			);
			name = Products;
			sourceTree = "<group>";
		};
		52FAB86E1B07D4AE008D5496 /* Phoenix Hackathon */ = {
			isa = PBXGroup;
			children = (
				52FAB8731B07D4AE008D5496 /* AppDelegate.h */,
				52FAB8741B07D4AE008D5496 /* AppDelegate.m */,
				52FAB8761B07D4AE008D5496 /* FirstViewController.h */,
				52FAB8771B07D4AE008D5496 /* FirstViewController.m */,
				52FAB8791B07D4AE008D5496 /* SecondViewController.h */,
				52FAB87A1B07D4AE008D5496 /* SecondViewController.m */,
				52FAB87C1B07D4AE008D5496 /* Main.storyboard */,
				52FAB87F1B07D4AE008D5496 /* Images.xcassets */,
				52FAB8811B07D4AE008D5496 /* LaunchScreen.xib */,
				52FAB86F1B07D4AE008D5496 /* Supporting Files */,
			);
			path = "Phoenix Hackathon";
			sourceTree = "<group>";
		};
		52FAB86F1B07D4AE008D5496 /* Supporting Files */ = {
			isa = PBXGroup;
			children = (
				52FAB8701B07D4AE008D5496 /* Info.plist */,
				52FAB8711B07D4AE008D5496 /* main.m */,
			);
			name = "Supporting Files";
			sourceTree = "<group>";
		};
		52FAB88B1B07D4AE008D5496 /* Phoenix HackathonTests */ = {
			isa = PBXGroup;
			children = (
				52FAB88E1B07D4AF008D5496 /* Phoenix_HackathonTests.m */,
				52FAB88C1B07D4AE008D5496 /* Supporting Files */,
			);
			path = "Phoenix HackathonTests";
			sourceTree = "<group>";
		};
		52FAB88C1B07D4AE008D5496 /* Supporting Files */ = {
			isa = PBXGroup;
			children = (
				52FAB88D1B07D4AE008D5496 /* Info.plist */,
			);
			name = "Supporting Files";
			sourceTree = "<group>";
		};
/* End PBXGroup section */

/* Begin PBXNativeTarget section */
		52FAB86B1B07D4AE008D5496 /* Phoenix Hackathon */ = {
			isa = PBXNativeTarget;
			buildConfigurationList = 52FAB8921B07D4AF008D5496 /* Build configuration list for PBXNativeTarget "Phoenix Hackathon" */;
			buildPhases = (
				52FAB8681B07D4AE008D5496 /* Sources */,
				52FAB8691B07D4AE008D5496 /* Frameworks */,
				52FAB86A1B07D4AE008D5496 /* Resources */,
			);
			buildRules = (
			);
			dependencies = (
			);
			name = "Phoenix Hackathon";
			productName = "Phoenix Hackathon";
			productReference = 52FAB86C1B07D4AE008D5496 /* Phoenix Hackathon.app */;
			productType = "com.apple.product-type.application";
		};
		52FAB8871B07D4AE008D5496 /* Phoenix HackathonTests */ = {
			isa = PBXNativeTarget;
			buildConfigurationList = 52FAB8951B07D4AF008D5496 /* Build configuration list for PBXNativeTarget "Phoenix HackathonTests" */;
			buildPhases = (
				52FAB8841B07D4AE008D5496 /* Sources */,
				52FAB8851B07D4AE008D5496 /* Frameworks */,
				52FAB8861B07D4AE008D5496 /* Resources */,
			);
			buildRules = (
			);
			dependencies = (
				52FAB88A1B07D4AE008D5496 /* PBXTargetDependency */,
			);
			name = "Phoenix HackathonTests";
			productName = "Phoenix HackathonTests";
			productReference = 52FAB8881B07D4AE008D5496 /* Phoenix HackathonTests.xctest */;
			productType = "com.apple.product-type.bundle.unit-test";
		};
/* End PBXNativeTarget section */

/* Begin PBXProject section */
		52FAB8641B07D4AE008D5496 /* Project object */ = {
			isa = PBXProject;
			attributes = {
				LastUpgradeCheck = 0630;
				ORGANIZATIONNAME = Emtae;
				TargetAttributes = {
					52FAB86B1B07D4AE008D5496 = {
						CreatedOnToolsVersion = 6.3.1;
					};
					52FAB8871B07D4AE008D5496 = {
						CreatedOnToolsVersion = 6.3.1;
						TestTargetID = 52FAB86B1B07D4AE008D5496;
					};
				};
			};
			buildConfigurationList = 52FAB8671B07D4AE008D5496 /* Build configuration list for PBXProject "Phoenix Hackathon" */;
			compatibilityVersion = "Xcode 3.2";
			developmentRegion = English;
			hasScannedForEncodings = 0;
			knownRegions = (
				en,
				Base,
			);
			mainGroup = 52FAB8631B07D4AE008D5496;
			productRefGroup = 52FAB86D1B07D4AE008D5496 /* Products */;
			projectDirPath = "";
			projectRoot = "";
			targets = (
				52FAB86B1B07D4AE008D5496 /* Phoenix Hackathon */,
				52FAB8871B07D4AE008D5496 /* Phoenix HackathonTests */,
			);
		};
/* End PBXProject section */

/* Begin PBXResourcesBuildPhase section */
		52FAB86A1B07D4AE008D5496 /* Resources */ = {
			isa = PBXResourcesBuildPhase;
			buildActionMask = 2147483647;
			files = (
				52FAB87E1B07D4AE008D5496 /* Main.storyboard in Resources */,
				52FAB8831B07D4AE008D5496 /* LaunchScreen.xib in Resources */,
				52FAB8801B07D4AE008D5496 /* Images.xcassets in Resources */,
			);
			runOnlyForDeploymentPostprocessing = 0;
		};
		52FAB8861B07D4AE008D5496 /* Resources */ = {
			isa = PBXResourcesBuildPhase;
			buildActionMask = 2147483647;
			files = (
			);
			runOnlyForDeploymentPostprocessing = 0;
		};
/* End PBXResourcesBuildPhase section */

/* Begin PBXSourcesBuildPhase section */
		52FAB8681B07D4AE008D5496 /* Sources */ = {
			isa = PBXSourcesBuildPhase;
			buildActionMask = 2147483647;
			files = (
				52FAB87B1B07D4AE008D5496 /* SecondViewController.m in Sources */,
				52FAB8751B07D4AE008D5496 /* AppDelegate.m in Sources */,
				52FAB8781B07D4AE008D5496 /* FirstViewController.m in Sources */,
				52FAB8721B07D4AE008D5496 /* main.m in Sources */,
			);
			runOnlyForDeploymentPostprocessing = 0;
		};
		52FAB8841B07D4AE008D5496 /* Sources */ = {
			isa = PBXSourcesBuildPhase;
			buildActionMask = 2147483647;
			files = (
				52FAB88F1B07D4AF008D5496 /* Phoenix_HackathonTests.m in Sources */,
			);
			runOnlyForDeploymentPostprocessing = 0;
		};
/* End PBXSourcesBuildPhase section */

/* Begin PBXTargetDependency section */
		52FAB88A1B07D4AE008D5496 /* PBXTargetDependency */ = {
			isa = PBXTargetDependency;
			target = 52FAB86B1B07D4AE008D5496 /* Phoenix Hackathon */;
			targetProxy = 52FAB8891B07D4AE008D5496 /* PBXContainerItemProxy */;
		};
/* End PBXTargetDependency section */

/* Begin PBXVariantGroup section */
		52FAB87C1B07D4AE008D5496 /* Main.storyboard */ = {
			isa = PBXVariantGroup;
			children = (
				52FAB87D1B07D4AE008D5496 /* Base */,
			);
			name = Main.storyboard;
			sourceTree = "<group>";
		};
		52FAB8811B07D4AE008D5496 /* LaunchScreen.xib */ = {
			isa = PBXVariantGroup;
			children = (
				52FAB8821B07D4AE008D5496 /* Base */,
			);
			name = LaunchScreen.xib;
			sourceTree = "<group>";
		};
/* End PBXVariantGroup section */

/* Begin XCBuildConfiguration section */
		52FAB8901B07D4AF008D5496 /* Debug */ = {
			isa = XCBuildConfiguration;
			buildSettings = {
				ALWAYS_SEARCH_USER_PATHS = NO;
				CLANG_CXX_LANGUAGE_STANDARD = "gnu++0x";
				CLANG_CXX_LIBRARY = "libc++";
				CLANG_ENABLE_MODULES = YES;
				CLANG_ENABLE_OBJC_ARC = YES;
				CLANG_WARN_BOOL_CONVERSION = YES;
				CLANG_WARN_CONSTANT_CONVERSION = YES;
				CLANG_WARN_DIRECT_OBJC_ISA_USAGE = YES_ERROR;
				CLANG_WARN_EMPTY_BODY = YES;
				CLANG_WARN_ENUM_CONVERSION = YES;
				CLANG_WARN_INT_CONVERSION = YES;
				CLANG_WARN_OBJC_ROOT_CLASS = YES_ERROR;
				CLANG_WARN_UNREACHABLE_CODE = YES;
				CLANG_WARN__DUPLICATE_METHOD_MATCH = YES;
				"CODE_SIGN_IDENTITY[sdk=iphoneos*]" = "iPhone Developer";
				COPY_PHASE_STRIP = NO;
				DEBUG_INFORMATION_FORMAT = "dwarf-with-dsym";
				ENABLE_STRICT_OBJC_MSGSEND = YES;
				GCC_C_LANGUAGE_STANDARD = gnu99;
				GCC_DYNAMIC_NO_PIC = NO;
				GCC_NO_COMMON_BLOCKS = YES;
				GCC_OPTIMIZATION_LEVEL = 0;
				GCC_PREPROCESSOR_DEFINITIONS = (
					"DEBUG=1",
					"$(inherited)",
				);
				GCC_SYMBOLS_PRIVATE_EXTERN = NO;
				GCC_WARN_64_TO_32_BIT_CONVERSION = YES;
				GCC_WARN_ABOUT_RETURN_TYPE = YES_ERROR;
				GCC_WARN_UNDECLARED_SELECTOR = YES;
				GCC_WARN_UNINITIALIZED_AUTOS = YES_AGGRESSIVE;
				GCC_WARN_UNUSED_FUNCTION = YES;
				GCC_WARN_UNUSED_VARIABLE = YES;
				IPHONEOS_DEPLOYMENT_TARGET = 8.3;
				MTL_ENABLE_DEBUG_INFO = YES;
				ONLY_ACTIVE_ARCH = YES;
				SDKROOT = iphoneos;
			};
			name = Debug;
		};
		52FAB8911B07D4AF008D5496 /* Release */ = {
			isa = XCBuildConfiguration;
			buildSettings = {
				ALWAYS_SEARCH_USER_PATHS = NO;
				CLANG_CXX_LANGUAGE_STANDARD = "gnu++0x";
				CLANG_CXX_LIBRARY = "libc++";
				CLANG_ENABLE_MODULES = YES;
				CLANG_ENABLE_OBJC_ARC = YES;
				CLANG_WARN_BOOL_CONVERSION = YES;
				CLANG_WARN_CONSTANT_CONVERSION = YES;
				CLANG_WARN_DIRECT_OBJC_ISA_USAGE = YES_ERROR;
				CLANG_WARN_EMPTY_BODY = YES;
				CLANG_WARN_ENUM_CONVERSION = YES;
				CLANG_WARN_INT_CONVERSION = YES;
				CLANG_WARN_OBJC_ROOT_CLASS = YES_ERROR;
				CLANG_WARN_UNREACHABLE_CODE = YES;
				CLANG_WARN__DUPLICATE_METHOD_MATCH = YES;
				"CODE_SIGN_IDENTITY[sdk=iphoneos*]" = "iPhone Developer";
				COPY_PHASE_STRIP = NO;
				DEBUG_INFORMATION_FORMAT = "dwarf-with-dsym";
				ENABLE_NS_ASSERTIONS = NO;
				ENABLE_STRICT_OBJC_MSGSEND = YES;
				GCC_C_LANGUAGE_STANDARD = gnu99;
				GCC_NO_COMMON_BLOCKS = YES;
				GCC_WARN_64_TO_32_BIT_CONVERSION = YES;
				GCC_WARN_ABOUT_RETURN_TYPE = YES_ERROR;
				GCC_WARN_UNDECLARED_SELECTOR = YES;
				GCC_WARN_UNINITIALIZED_AUTOS = YES_AGGRESSIVE;
				GCC_WARN_UNUSED_FUNCTION = YES;
				GCC_WARN_UNUSED_VARIABLE = YES;
				IPHONEOS_DEPLOYMENT_TARGET = 8.3;
				MTL_ENABLE_DEBUG_INFO = NO;
				SDKROOT = iphoneos;
				VALIDATE_PRODUCT = YES;
			};
			name = Release;
		};
		52FAB8931B07D4AF008D5496 /* Debug */ = {
			isa = XCBuildConfiguration;
			buildSettings = {
				ASSETCATALOG_COMPILER_APPICON_NAME = AppIcon;
				INFOPLIST_FILE = "Phoenix Hackathon/Info.plist";
				LD_RUNPATH_SEARCH_PATHS = "$(inherited) @executable_path/Frameworks";
				PRODUCT_NAME = "$(TARGET_NAME)";
			};
			name = Debug;
		};
		52FAB8941B07D4AF008D5496 /* Release */ = {
			isa = XCBuildConfiguration;
			buildSettings = {
				ASSETCATALOG_COMPILER_APPICON_NAME = AppIcon;
				INFOPLIST_FILE = "Phoenix Hackathon/Info.plist";
				LD_RUNPATH_SEARCH_PATHS = "$(inherited) @executable_path/Frameworks";
				PRODUCT_NAME = "$(TARGET_NAME)";
			};
			name = Release;
		};
		52FAB8961B07D4AF008D5496 /* Debug */ = {
			isa = XCBuildConfiguration;
			buildSettings = {
				BUNDLE_LOADER = "$(TEST_HOST)";
				FRAMEWORK_SEARCH_PATHS = (
					"$(SDKROOT)/Developer/Library/Frameworks",
					"$(inherited)",
				);
				GCC_PREPROCESSOR_DEFINITIONS = (
					"DEBUG=1",
					"$(inherited)",
				);
				INFOPLIST_FILE = "Phoenix HackathonTests/Info.plist";
				LD_RUNPATH_SEARCH_PATHS = "$(inherited) @executable_path/Frameworks @loader_path/Frameworks";
				PRODUCT_NAME = "$(TARGET_NAME)";
				TEST_HOST = "$(BUILT_PRODUCTS_DIR)/Phoenix Hackathon.app/Phoenix Hackathon";
			};
			name = Debug;
		};
		52FAB8971B07D4AF008D5496 /* Release */ = {
			isa = XCBuildConfiguration;
			buildSettings = {
				BUNDLE_LOADER = "$(TEST_HOST)";
				FRAMEWORK_SEARCH_PATHS = (
					"$(SDKROOT)/Developer/Library/Frameworks",
					"$(inherited)",
				);
				INFOPLIST_FILE = "Phoenix HackathonTests/Info.plist";
				LD_RUNPATH_SEARCH_PATHS = "$(inherited) @executable_path/Frameworks @loader_path/Frameworks";
				PRODUCT_NAME = "$(TARGET_NAME)";
				TEST_HOST = "$(BUILT_PRODUCTS_DIR)/Phoenix Hackathon.app/Phoenix Hackathon";
			};
			name = Release;
		};
/* End XCBuildConfiguration section */

/* Begin XCConfigurationList section */
		52FAB8671B07D4AE008D5496 /* Build configuration list for PBXProject "Phoenix Hackathon" */ = {
			isa = XCConfigurationList;
			buildConfigurations = (
				52FAB8901B07D4AF008D5496 /* Debug */,
				52FAB8911B07D4AF008D5496 /* Release */,
			);
			defaultConfigurationIsVisible = 0;
			defaultConfigurationName = Release;
		};
		52FAB8921B07D4AF008D5496 /* Build configuration list for PBXNativeTarget "Phoenix Hackathon" */ = {
			isa = XCConfigurationList;
			buildConfigurations = (
				52FAB8931B07D4AF008D5496 /* Debug */,
				52FAB8941B07D4AF008D5496 /* Release */,
			);
			defaultConfigurationIsVisible = 0;
		};
		52FAB8951B07D4AF008D5496 /* Build configuration list for PBXNativeTarget "Phoenix HackathonTests" */ = {
			isa = XCConfigurationList;
			buildConfigurations = (
				52FAB8961B07D4AF008D5496 /* Debug */,
				52FAB8971B07D4AF008D5496 /* Release */,
			);
			defaultConfigurationIsVisible = 0;
		};
/* End XCConfigurationList section */
	};
	rootObject = 52FAB8641B07D4AE008D5496 /* Project object */;
}
